
Microsoft Visual Studio Solution File, Format Version 12.00
# Visual Studio Version 16
VisualStudioVersion = 16.0.31105.61
MinimumVisualStudioVersion = 10.0.40219.1
Project("{FAE04EC0-301F-11D3-BF4B-00C04F79EFBC}") = "ThreeAmgios.UWP", "ThreeAmgios\ThreeAmgios.UWP\ThreeAmgios.UWP.csproj", "{C6FB3625-A68B-47EE-82B7-B3664DD72A96}"
EndProject
Project("{FAE04EC0-301F-11D3-BF4B-00C04F79EFBC}") = "ThreeAmgios.Android", "ThreeAmgios\ThreeAmgios.Android\ThreeAmgios.Android.csproj", "{3E4A8CEC-9C05-402B-A086-1E8489E0F522}"
EndProject
Project("{FAE04EC0-301F-11D3-BF4B-00C04F79EFBC}") = "ThreeAmgios.iOS", "ThreeAmgios\ThreeAmgios.iOS\ThreeAmgios.iOS.csproj", "{210E94BD-C4A6-4C65-9378-F8B059499EB6}"
EndProject
Project("{9A19103F-16F7-4668-BE54-9A1E7A4F7556}") = "ThreeAmgios", "ThreeAmgios\ThreeAmgios\ThreeAmgios.csproj", "{AB4A6563-2203-41DF-89B7-3C6CADC9ECAF}"
EndProject
Project("{2150E333-8FDC-42A3-9474-1A3956D46DE8}") = "Solution Items", "Solution Items", "{542C9EE7-BBE7-4513-9B16-FDD9679146CB}"
	ProjectSection(SolutionItems) = preProject
		ReadMe.md = ReadMe.md
	EndProjectSection
EndProject
Global
	GlobalSection(SolutionConfigurationPlatforms) = preSolution
		Debug|Any CPU = Debug|Any CPU
		Debug|ARM = Debug|ARM
		Debug|iPhone = Debug|iPhone
		Debug|iPhoneSimulator = Debug|iPhoneSimulator
		Debug|x64 = Debug|x64
		Debug|x86 = Debug|x86
		Release|Any CPU = Release|Any CPU
		Release|ARM = Release|ARM
		Release|iPhone = Release|iPhone
		Release|iPhoneSimulator = Release|iPhoneSimulator
		Release|x64 = Release|x64
		Release|x86 = Release|x86
	EndGlobalSection
	GlobalSection(ProjectConfigurationPlatforms) = postSolution
		{C6FB3625-A68B-47EE-82B7-B3664DD72A96}.Debug|Any CPU.ActiveCfg = Debug|x86
		{C6FB3625-A68B-47EE-82B7-B3664DD72A96}.Debug|Any CPU.Build.0 = Debug|x86
		{C6FB3625-A68B-47EE-82B7-B3664DD72A96}.Debug|Any CPU.Deploy.0 = Debug|x86
		{C6FB3625-A68B-47EE-82B7-B3664DD72A96}.Debug|ARM.ActiveCfg = Debug|ARM
		{C6FB3625-A68B-47EE-82B7-B3664DD72A96}.Debug|ARM.Build.0 = Debug|ARM
		{C6FB3625-A68B-47EE-82B7-B3664DD72A96}.Debug|ARM.Deploy.0 = Debug|ARM
		{C6FB3625-A68B-47EE-82B7-B3664DD72A96}.Debug|iPhone.ActiveCfg = Debug|x86
		{C6FB3625-A68B-47EE-82B7-B3664DD72A96}.Debug|iPhone.Build.0 = Debug|x86
		{C6FB3625-A68B-47EE-82B7-B3664DD72A96}.Debug|iPhone.Deploy.0 = Debug|x86
		{C6FB3625-A68B-47EE-82B7-B3664DD72A96}.Debug|iPhoneSimulator.ActiveCfg = Debug|x86
		{C6FB3625-A68B-47EE-82B7-B3664DD72A96}.Debug|iPhoneSimulator.Build.0 = Debug|x86
		{C6FB3625-A68B-47EE-82B7-B3664DD72A96}.Debug|iPhoneSimulator.Deploy.0 = Debug|x86
		{C6FB3625-A68B-47EE-82B7-B3664DD72A96}.Debug|x64.ActiveCfg = Debug|x64
		{C6FB3625-A68B-47EE-82B7-B3664DD72A96}.Debug|x64.Build.0 = Debug|x64
		{C6FB3625-A68B-47EE-82B7-B3664DD72A96}.Debug|x64.Deploy.0 = Debug|x64
		{C6FB3625-A68B-47EE-82B7-B3664DD72A96}.Debug|x86.ActiveCfg = Debug|x86
		{C6FB3625-A68B-47EE-82B7-B3664DD72A96}.Debug|x86.Build.0 = Debug|x86
		{C6FB3625-A68B-47EE-82B7-B3664DD72A96}.Debug|x86.Deploy.0 = Debug|x86
		{C6FB3625-A68B-47EE-82B7-B3664DD72A96}.Release|Any CPU.ActiveCfg = Release|x86
		{C6FB3625-A68B-47EE-82B7-B3664DD72A96}.Release|Any CPU.Build.0 = Release|x86
		{C6FB3625-A68B-47EE-82B7-B3664DD72A96}.Release|Any CPU.Deploy.0 = Release|x86
		{C6FB3625-A68B-47EE-82B7-B3664DD72A96}.Release|ARM.ActiveCfg = Release|ARM
		{C6FB3625-A68B-47EE-82B7-B3664DD72A96}.Release|ARM.Build.0 = Release|ARM
		{C6FB3625-A68B-47EE-82B7-B3664DD72A96}.Release|ARM.Deploy.0 = Release|ARM
		{C6FB3625-A68B-47EE-82B7-B3664DD72A96}.Release|iPhone.ActiveCfg = Release|x86
		{C6FB3625-A68B-47EE-82B7-B3664DD72A96}.Release|iPhone.Build.0 = Release|x86
		{C6FB3625-A68B-47EE-82B7-B3664DD72A96}.Release|iPhone.Deploy.0 = Release|x86
		{C6FB3625-A68B-47EE-82B7-B3664DD72A96}.Release|iPhoneSimulator.ActiveCfg = Release|x86
		{C6FB3625-A68B-47EE-82B7-B3664DD72A96}.Release|iPhoneSimulator.Build.0 = Release|x86
		{C6FB3625-A68B-47EE-82B7-B3664DD72A96}.Release|iPhoneSimulator.Deploy.0 = Release|x86
		{C6FB3625-A68B-47EE-82B7-B3664DD72A96}.Release|x64.ActiveCfg = Release|x64
		{C6FB3625-A68B-47EE-82B7-B3664DD72A96}.Release|x64.Build.0 = Release|x64
		{C6FB3625-A68B-47EE-82B7-B3664DD72A96}.Release|x64.Deploy.0 = Release|x64
		{C6FB3625-A68B-47EE-82B7-B3664DD72A96}.Release|x86.ActiveCfg = Release|x86
		{C6FB3625-A68B-47EE-82B7-B3664DD72A96}.Release|x86.Build.0 = Release|x86
		{C6FB3625-A68B-47EE-82B7-B3664DD72A96}.Release|x86.Deploy.0 = Release|x86
		{3E4A8CEC-9C05-402B-A086-1E8489E0F522}.Debug|Any CPU.ActiveCfg = Debug|Any CPU
		{3E4A8CEC-9C05-402B-A086-1E8489E0F522}.Debug|Any CPU.Build.0 = Debug|Any CPU
		{3E4A8CEC-9C05-402B-A086-1E8489E0F522}.Debug|Any CPU.Deploy.0 = Debug|Any CPU
		{3E4A8CEC-9C05-402B-A086-1E8489E0F522}.Debug|ARM.ActiveCfg = Debug|Any CPU
		{3E4A8CEC-9C05-402B-A086-1E8489E0F522}.Debug|ARM.Build.0 = Debug|Any CPU
		{3E4A8CEC-9C05-402B-A086-1E8489E0F522}.Debug|ARM.Deploy.0 = Debug|Any CPU
		{3E4A8CEC-9C05-402B-A086-1E8489E0F522}.Debug|iPhone.ActiveCfg = Debug|Any CPU
		{3E4A8CEC-9C05-402B-A086-1E8489E0F522}.Debug|iPhone.Build.0 = Debug|Any CPU
		{3E4A8CEC-9C05-402B-A086-1E8489E0F522}.Debug|iPhone.Deploy.0 = Debug|Any CPU
		{3E4A8CEC-9C05-402B-A086-1E8489E0F522}.Debug|iPhoneSimulator.ActiveCfg = Debug|Any CPU
		{3E4A8CEC-9C05-402B-A086-1E8489E0F522}.Debug|iPhoneSimulator.Build.0 = Debug|Any CPU
		{3E4A8CEC-9C05-402B-A086-1E8489E0F522}.Debug|iPhoneSimulator.Deploy.0 = Debug|Any CPU
		{3E4A8CEC-9C05-402B-A086-1E8489E0F522}.Debug|x64.ActiveCfg = Debug|Any CPU
		{3E4A8CEC-9C05-402B-A086-1E8489E0F522}.Debug|x64.Build.0 = Debug|Any CPU
		{3E4A8CEC-9C05-402B-A086-1E8489E0F522}.Debug|x64.Deploy.0 = Debug|Any CPU
		{3E4A8CEC-9C05-402B-A086-1E8489E0F522}.Debug|x86.ActiveCfg = Debug|Any CPU
		{3E4A8CEC-9C05-402B-A086-1E8489E0F522}.Debug|x86.Build.0 = Debug|Any CPU
		{3E4A8CEC-9C05-402B-A086-1E8489E0F522}.Debug|x86.Deploy.0 = Debug|Any CPU
		{3E4A8CEC-9C05-402B-A086-1E8489E0F522}.Release|Any CPU.ActiveCfg = Release|Any CPU
		{3E4A8CEC-9C05-402B-A086-1E8489E0F522}.Release|Any CPU.Build.0 = Release|Any CPU
		{3E4A8CEC-9C05-402B-A086-1E8489E0F522}.Release|Any CPU.Deploy.0 = Release|Any CPU
		{3E4A8CEC-9C05-402B-A086-1E8489E0F522}.Release|ARM.ActiveCfg = Release|Any CPU
		{3E4A8CEC-9C05-402B-A086-1E8489E0F522}.Release|ARM.Build.0 = Release|Any CPU
		{3E4A8CEC-9C05-402B-A086-1E8489E0F522}.Release|ARM.Deploy.0 = Release|Any CPU
		{3E4A8CEC-9C05-402B-A086-1E8489E0F522}.Release|iPhone.ActiveCfg = Release|Any CPU
		{3E4A8CEC-9C05-402B-A086-1E8489E0F522}.Release|iPhone.Build.0 = Release|Any CPU
		{3E4A8CEC-9C05-402B-A086-1E8489E0F522}.Release|iPhone.Deploy.0 = Release|Any CPU
		{3E4A8CEC-9C05-402B-A086-1E8489E0F522}.Release|iPhoneSimulator.ActiveCfg = Release|Any CPU
		{3E4A8CEC-9C05-402B-A086-1E8489E0F522}.Release|iPhoneSimulator.Build.0 = Release|Any CPU
		{3E4A8CEC-9C05-402B-A086-1E8489E0F522}.Release|iPhoneSimulator.Deploy.0 = Release|Any CPU
		{3E4A8CEC-9C05-402B-A086-1E8489E0F522}.Release|x64.ActiveCfg = Release|Any CPU
		{3E4A8CEC-9C05-402B-A086-1E8489E0F522}.Release|x64.Build.0 = Release|Any CPU
		{3E4A8CEC-9C05-402B-A086-1E8489E0F522}.Release|x64.Deploy.0 = Release|Any CPU
		{3E4A8CEC-9C05-402B-A086-1E8489E0F522}.Release|x86.ActiveCfg = Release|Any CPU
		{3E4A8CEC-9C05-402B-A086-1E8489E0F522}.Release|x86.Build.0 = Release|Any CPU
		{3E4A8CEC-9C05-402B-A086-1E8489E0F522}.Release|x86.Deploy.0 = Release|Any CPU
		{210E94BD-C4A6-4C65-9378-F8B059499EB6}.Debug|Any CPU.ActiveCfg = Debug|iPhoneSimulator
		{210E94BD-C4A6-4C65-9378-F8B059499EB6}.Debug|Any CPU.Build.0 = Debug|iPhoneSimulator
		{210E94BD-C4A6-4C65-9378-F8B059499EB6}.Debug|Any CPU.Deploy.0 = Debug|iPhoneSimulator
		{210E94BD-C4A6-4C65-9378-F8B059499EB6}.Debug|ARM.ActiveCfg = Debug|iPhone
		{210E94BD-C4A6-4C65-9378-F8B059499EB6}.Debug|ARM.Build.0 = Debug|iPhone
		{210E94BD-C4A6-4C65-9378-F8B059499EB6}.Debug|ARM.Deploy.0 = Debug|iPhone
		{210E94BD-C4A6-4C65-9378-F8B059499EB6}.Debug|iPhone.ActiveCfg = Debug|iPhone
		{210E94BD-C4A6-4C65-9378-F8B059499EB6}.Debug|iPhone.Build.0 = Debug|iPhone
		{210E94BD-C4A6-4C65-9378-F8B059499EB6}.Debug|iPhone.Deploy.0 = Debug|iPhone
		{210E94BD-C4A6-4C65-9378-F8B059499EB6}.Debug|iPhoneSimulator.ActiveCfg = Debug|iPhoneSimulator
		{210E94BD-C4A6-4C65-9378-F8B059499EB6}.Debug|iPhoneSimulator.Build.0 = Debug|iPhoneSimulator
		{210E94BD-C4A6-4C65-9378-F8B059499EB6}.Debug|iPhoneSimulator.Deploy.0 = Debug|iPhoneSimulator
		{210E94BD-C4A6-4C65-9378-F8B059499EB6}.Debug|x64.ActiveCfg = Debug|iPhoneSimulator
		{210E94BD-C4A6-4C65-9378-F8B059499EB6}.Debug|x64.Build.0 = Debug|iPhoneSimulator
		{210E94BD-C4A6-4C65-9378-F8B059499EB6}.Debug|x64.Deploy.0 = Debug|iPhoneSimulator
		{210E94BD-C4A6-4C65-9378-F8B059499EB6}.Debug|x86.ActiveCfg = Debug|iPhoneSimulator
		{210E94BD-C4A6-4C65-9378-F8B059499EB6}.Debug|x86.Build.0 = Debug|iPhoneSimulator
		{210E94BD-C4A6-4C65-9378-F8B059499EB6}.Debug|x86.Deploy.0 = Debug|iPhoneSimulator
		{210E94BD-C4A6-4C65-9378-F8B059499EB6}.Release|Any CPU.ActiveCfg = Release|iPhoneSimulator
		{210E94BD-C4A6-4C65-9378-F8B059499EB6}.Release|Any CPU.Build.0 = Release|iPhoneSimulator
		{210E94BD-C4A6-4C65-9378-F8B059499EB6}.Release|Any CPU.Deploy.0 = Release|iPhoneSimulator
		{210E94BD-C4A6-4C65-9378-F8B059499EB6}.Release|ARM.ActiveCfg = Release|iPhoneSimulator
		{210E94BD-C4A6-4C65-9378-F8B059499EB6}.Release|ARM.Build.0 = Release|iPhoneSimulator
		{210E94BD-C4A6-4C65-9378-F8B059499EB6}.Release|ARM.Deploy.0 = Release|iPhoneSimulator
		{210E94BD-C4A6-4C65-9378-F8B059499EB6}.Release|iPhone.ActiveCfg = Release|iPhone
		{210E94BD-C4A6-4C65-9378-F8B059499EB6}.Release|iPhone.Build.0 = Release|iPhone
		{210E94BD-C4A6-4C65-9378-F8B059499EB6}.Release|iPhone.Deploy.0 = Release|iPhone
		{210E94BD-C4A6-4C65-9378-F8B059499EB6}.Release|iPhoneSimulator.ActiveCfg = Release|iPhoneSimulator
		{210E94BD-C4A6-4C65-9378-F8B059499EB6}.Release|iPhoneSimulator.Build.0 = Release|iPhoneSimulator
		{210E94BD-C4A6-4C65-9378-F8B059499EB6}.Release|iPhoneSimulator.Deploy.0 = Release|iPhoneSimulator
		{210E94BD-C4A6-4C65-9378-F8B059499EB6}.Release|x64.ActiveCfg = Release|iPhoneSimulator
		{210E94BD-C4A6-4C65-9378-F8B059499EB6}.Release|x64.Build.0 = Release|iPhoneSimulator
		{210E94BD-C4A6-4C65-9378-F8B059499EB6}.Release|x64.Deploy.0 = Release|iPhoneSimulator
		{210E94BD-C4A6-4C65-9378-F8B059499EB6}.Release|x86.ActiveCfg = Release|iPhoneSimulator
		{210E94BD-C4A6-4C65-9378-F8B059499EB6}.Release|x86.Build.0 = Release|iPhoneSimulator
		{210E94BD-C4A6-4C65-9378-F8B059499EB6}.Release|x86.Deploy.0 = Release|iPhoneSimulator
		{AB4A6563-2203-41DF-89B7-3C6CADC9ECAF}.Debug|Any CPU.ActiveCfg = Debug|Any CPU
		{AB4A6563-2203-41DF-89B7-3C6CADC9ECAF}.Debug|Any CPU.Build.0 = Debug|Any CPU
		{AB4A6563-2203-41DF-89B7-3C6CADC9ECAF}.Debug|Any CPU.Deploy.0 = Debug|Any CPU
		{AB4A6563-2203-41DF-89B7-3C6CADC9ECAF}.Debug|ARM.ActiveCfg = Debug|Any CPU
		{AB4A6563-2203-41DF-89B7-3C6CADC9ECAF}.Debug|ARM.Build.0 = Debug|Any CPU
		{AB4A6563-2203-41DF-89B7-3C6CADC9ECAF}.Debug|ARM.Deploy.0 = Debug|Any CPU
		{AB4A6563-2203-41DF-89B7-3C6CADC9ECAF}.Debug|iPhone.ActiveCfg = Debug|Any CPU
		{AB4A6563-2203-41DF-89B7-3C6CADC9ECAF}.Debug|iPhone.Build.0 = Debug|Any CPU
		{AB4A6563-2203-41DF-89B7-3C6CADC9ECAF}.Debug|iPhone.Deploy.0 = Debug|Any CPU
		{AB4A6563-2203-41DF-89B7-3C6CADC9ECAF}.Debug|iPhoneSimulator.ActiveCfg = Debug|Any CPU
		{AB4A6563-2203-41DF-89B7-3C6CADC9ECAF}.Debug|iPhoneSimulator.Build.0 = Debug|Any CPU
		{AB4A6563-2203-41DF-89B7-3C6CADC9ECAF}.Debug|iPhoneSimulator.Deploy.0 = Debug|Any CPU
		{AB4A6563-2203-41DF-89B7-3C6CADC9ECAF}.Debug|x64.ActiveCfg = Debug|Any CPU
		{AB4A6563-2203-41DF-89B7-3C6CADC9ECAF}.Debug|x64.Build.0 = Debug|Any CPU
		{AB4A6563-2203-41DF-89B7-3C6CADC9ECAF}.Debug|x64.Deploy.0 = Debug|Any CPU
		{AB4A6563-2203-41DF-89B7-3C6CADC9ECAF}.Debug|x86.ActiveCfg = Debug|Any CPU
		{AB4A6563-2203-41DF-89B7-3C6CADC9ECAF}.Debug|x86.Build.0 = Debug|Any CPU
		{AB4A6563-2203-41DF-89B7-3C6CADC9ECAF}.Debug|x86.Deploy.0 = Debug|Any CPU
		{AB4A6563-2203-41DF-89B7-3C6CADC9ECAF}.Release|Any CPU.ActiveCfg = Release|Any CPU
		{AB4A6563-2203-41DF-89B7-3C6CADC9ECAF}.Release|Any CPU.Build.0 = Release|Any CPU
		{AB4A6563-2203-41DF-89B7-3C6CADC9ECAF}.Release|Any CPU.Deploy.0 = Release|Any CPU
		{AB4A6563-2203-41DF-89B7-3C6CADC9ECAF}.Release|ARM.ActiveCfg = Release|Any CPU
		{AB4A6563-2203-41DF-89B7-3C6CADC9ECAF}.Release|ARM.Build.0 = Release|Any CPU
		{AB4A6563-2203-41DF-89B7-3C6CADC9ECAF}.Release|ARM.Deploy.0 = Release|Any CPU
		{AB4A6563-2203-41DF-89B7-3C6CADC9ECAF}.Release|iPhone.ActiveCfg = Release|Any CPU
		{AB4A6563-2203-41DF-89B7-3C6CADC9ECAF}.Release|iPhone.Build.0 = Release|Any CPU
		{AB4A6563-2203-41DF-89B7-3C6CADC9ECAF}.Release|iPhone.Deploy.0 = Release|Any CPU
		{AB4A6563-2203-41DF-89B7-3C6CADC9ECAF}.Release|iPhoneSimulator.ActiveCfg = Release|Any CPU
		{AB4A6563-2203-41DF-89B7-3C6CADC9ECAF}.Release|iPhoneSimulator.Build.0 = Release|Any CPU
		{AB4A6563-2203-41DF-89B7-3C6CADC9ECAF}.Release|iPhoneSimulator.Deploy.0 = Release|Any CPU
		{AB4A6563-2203-41DF-89B7-3C6CADC9ECAF}.Release|x64.ActiveCfg = Release|Any CPU
		{AB4A6563-2203-41DF-89B7-3C6CADC9ECAF}.Release|x64.Build.0 = Release|Any CPU
		{AB4A6563-2203-41DF-89B7-3C6CADC9ECAF}.Release|x64.Deploy.0 = Release|Any CPU
		{AB4A6563-2203-41DF-89B7-3C6CADC9ECAF}.Release|x86.ActiveCfg = Release|Any CPU
		{AB4A6563-2203-41DF-89B7-3C6CADC9ECAF}.Release|x86.Build.0 = Release|Any CPU
		{AB4A6563-2203-41DF-89B7-3C6CADC9ECAF}.Release|x86.Deploy.0 = Release|Any CPU
	EndGlobalSection
	GlobalSection(SolutionProperties) = preSolution
		HideSolutionNode = FALSE
	EndGlobalSection
	GlobalSection(ExtensibilityGlobals) = postSolution
		SolutionGuid = {36ADD741-1DF5-4665-AA63-1D3F7BA47203}
	EndGlobalSection
EndGlobal
