
Microsoft Visual Studio Solution File, Format Version 12.00
# Visual Studio Version 17
VisualStudioVersion = 17.1.31903.286
MinimumVisualStudioVersion = 10.0.40219.1
Project("{FAE04EC0-301F-11D3-BF4B-00C04F79EFBC}") = "ThreeAmgios.UWP", "ThreeAmgios\ThreeAmgios.UWP\ThreeAmgios.UWP.csproj", "{C6FB3625-A68B-47EE-82B7-B3664DD72A96}"
EndProject
Project("{FAE04EC0-301F-11D3-BF4B-00C04F79EFBC}") = "ThreeAmgios.Android", "ThreeAmgios\ThreeAmgios.Android\ThreeAmgios.Android.csproj", "{3E4A8CEC-9C05-402B-A086-1E8489E0F522}"
EndProject
Project("{FAE04EC0-301F-11D3-BF4B-00C04F79EFBC}") = "ThreeAmgios.iOS", "ThreeAmgios\ThreeAmgios.iOS\ThreeAmgios.iOS.csproj", "{210E94BD-C4A6-4C65-9378-F8B059499EB6}"
EndProject
Project("{9A19103F-16F7-4668-BE54-9A1E7A4F7556}") = "ThreeAmgios", "ThreeAmgios\ThreeAmgios\ThreeAmgios.csproj", "{AB4A6563-2203-41DF-89B7-3C6CADC9ECAF}"
EndProject
Project("{2150E333-8FDC-42A3-9474-1A3956D46DE8}") = "Solution Items", "Solution Items", "{542C9EE7-BBE7-4513-9B16-FDD9679146CB}"
	ProjectSection(SolutionItems) = preProject
		ReadMe.md = ReadMe.md
	EndProjectSection
EndProject
Global
	GlobalSection(SolutionConfigurationPlatforms) = preSolution
		Android_Debug|Any CPU = Android_Debug|Any CPU
		Android_Debug|ARM = Android_Debug|ARM
		Android_Debug|iPhone = Android_Debug|iPhone
		Android_Debug|iPhoneSimulator = Android_Debug|iPhoneSimulator
		Android_Debug|x64 = Android_Debug|x64
		Android_Debug|x86 = Android_Debug|x86
		Android_Release|Any CPU = Android_Release|Any CPU
		Android_Release|ARM = Android_Release|ARM
		Android_Release|iPhone = Android_Release|iPhone
		Android_Release|iPhoneSimulator = Android_Release|iPhoneSimulator
		Android_Release|x64 = Android_Release|x64
		Android_Release|x86 = Android_Release|x86
		Debug|Any CPU = Debug|Any CPU
		Debug|ARM = Debug|ARM
		Debug|iPhone = Debug|iPhone
		Debug|iPhoneSimulator = Debug|iPhoneSimulator
		Debug|x64 = Debug|x64
		Debug|x86 = Debug|x86
		iOS_Debug|Any CPU = iOS_Debug|Any CPU
		iOS_Debug|ARM = iOS_Debug|ARM
		iOS_Debug|iPhone = iOS_Debug|iPhone
		iOS_Debug|iPhoneSimulator = iOS_Debug|iPhoneSimulator
		iOS_Debug|x64 = iOS_Debug|x64
		iOS_Debug|x86 = iOS_Debug|x86
		iOS_Release|Any CPU = iOS_Release|Any CPU
		iOS_Release|ARM = iOS_Release|ARM
		iOS_Release|iPhone = iOS_Release|iPhone
		iOS_Release|iPhoneSimulator = iOS_Release|iPhoneSimulator
		iOS_Release|x64 = iOS_Release|x64
		iOS_Release|x86 = iOS_Release|x86
		Release|Any CPU = Release|Any CPU
		Release|ARM = Release|ARM
		Release|iPhone = Release|iPhone
		Release|iPhoneSimulator = Release|iPhoneSimulator
		Release|x64 = Release|x64
		Release|x86 = Release|x86
		UWP_Debug|Any CPU = UWP_Debug|Any CPU
		UWP_Debug|ARM = UWP_Debug|ARM
		UWP_Debug|iPhone = UWP_Debug|iPhone
		UWP_Debug|iPhoneSimulator = UWP_Debug|iPhoneSimulator
		UWP_Debug|x64 = UWP_Debug|x64
		UWP_Debug|x86 = UWP_Debug|x86
		UWP_Release|Any CPU = UWP_Release|Any CPU
		UWP_Release|ARM = UWP_Release|ARM
		UWP_Release|iPhone = UWP_Release|iPhone
		UWP_Release|iPhoneSimulator = UWP_Release|iPhoneSimulator
		UWP_Release|x64 = UWP_Release|x64
		UWP_Release|x86 = UWP_Release|x86
	EndGlobalSection
	GlobalSection(ProjectConfigurationPlatforms) = postSolution
		{C6FB3625-A68B-47EE-82B7-B3664DD72A96}.Android_Debug|Any CPU.ActiveCfg = Android_Debug|x64
		{C6FB3625-A68B-47EE-82B7-B3664DD72A96}.Android_Debug|Any CPU.Build.0 = Android_Debug|x64
		{C6FB3625-A68B-47EE-82B7-B3664DD72A96}.Android_Debug|Any CPU.Deploy.0 = Android_Debug|x64
		{C6FB3625-A68B-47EE-82B7-B3664DD72A96}.Android_Debug|ARM.ActiveCfg = Android_Debug|ARM
		{C6FB3625-A68B-47EE-82B7-B3664DD72A96}.Android_Debug|ARM.Build.0 = Android_Debug|ARM
		{C6FB3625-A68B-47EE-82B7-B3664DD72A96}.Android_Debug|ARM.Deploy.0 = Android_Debug|ARM
		{C6FB3625-A68B-47EE-82B7-B3664DD72A96}.Android_Debug|iPhone.ActiveCfg = Android_Debug|x64
		{C6FB3625-A68B-47EE-82B7-B3664DD72A96}.Android_Debug|iPhone.Build.0 = Android_Debug|x64
		{C6FB3625-A68B-47EE-82B7-B3664DD72A96}.Android_Debug|iPhone.Deploy.0 = Android_Debug|x64
		{C6FB3625-A68B-47EE-82B7-B3664DD72A96}.Android_Debug|iPhoneSimulator.ActiveCfg = Android_Debug|x64
		{C6FB3625-A68B-47EE-82B7-B3664DD72A96}.Android_Debug|x64.ActiveCfg = Android_Debug|x64
		{C6FB3625-A68B-47EE-82B7-B3664DD72A96}.Android_Debug|x64.Build.0 = Android_Debug|x64
		{C6FB3625-A68B-47EE-82B7-B3664DD72A96}.Android_Debug|x64.Deploy.0 = Android_Debug|x64
		{C6FB3625-A68B-47EE-82B7-B3664DD72A96}.Android_Debug|x86.ActiveCfg = Android_Debug|x86
		{C6FB3625-A68B-47EE-82B7-B3664DD72A96}.Android_Debug|x86.Build.0 = Android_Debug|x86
		{C6FB3625-A68B-47EE-82B7-B3664DD72A96}.Android_Debug|x86.Deploy.0 = Android_Debug|x86
		{C6FB3625-A68B-47EE-82B7-B3664DD72A96}.Android_Release|Any CPU.ActiveCfg = Android_Release|x64
		{C6FB3625-A68B-47EE-82B7-B3664DD72A96}.Android_Release|Any CPU.Build.0 = Android_Release|x64
		{C6FB3625-A68B-47EE-82B7-B3664DD72A96}.Android_Release|Any CPU.Deploy.0 = Android_Release|x64
		{C6FB3625-A68B-47EE-82B7-B3664DD72A96}.Android_Release|ARM.ActiveCfg = Android_Release|ARM
		{C6FB3625-A68B-47EE-82B7-B3664DD72A96}.Android_Release|ARM.Deploy.0 = Android_Release|ARM
		{C6FB3625-A68B-47EE-82B7-B3664DD72A96}.Android_Release|iPhone.ActiveCfg = Android_Release|x64
		{C6FB3625-A68B-47EE-82B7-B3664DD72A96}.Android_Release|iPhone.Build.0 = Android_Release|x64
		{C6FB3625-A68B-47EE-82B7-B3664DD72A96}.Android_Release|iPhone.Deploy.0 = Android_Release|x64
		{C6FB3625-A68B-47EE-82B7-B3664DD72A96}.Android_Release|iPhoneSimulator.ActiveCfg = Android_Release|x64
		{C6FB3625-A68B-47EE-82B7-B3664DD72A96}.Android_Release|x64.ActiveCfg = Android_Release|x64
		{C6FB3625-A68B-47EE-82B7-B3664DD72A96}.Android_Release|x64.Deploy.0 = Android_Release|x64
		{C6FB3625-A68B-47EE-82B7-B3664DD72A96}.Android_Release|x86.ActiveCfg = Android_Release|x86
		{C6FB3625-A68B-47EE-82B7-B3664DD72A96}.Android_Release|x86.Deploy.0 = Android_Release|x86
		{C6FB3625-A68B-47EE-82B7-B3664DD72A96}.Debug|Any CPU.ActiveCfg = Debug|x86
		{C6FB3625-A68B-47EE-82B7-B3664DD72A96}.Debug|Any CPU.Build.0 = Debug|x86
		{C6FB3625-A68B-47EE-82B7-B3664DD72A96}.Debug|Any CPU.Deploy.0 = Debug|x86
		{C6FB3625-A68B-47EE-82B7-B3664DD72A96}.Debug|ARM.ActiveCfg = Debug|ARM
		{C6FB3625-A68B-47EE-82B7-B3664DD72A96}.Debug|ARM.Build.0 = Debug|ARM
		{C6FB3625-A68B-47EE-82B7-B3664DD72A96}.Debug|ARM.Deploy.0 = Debug|ARM
		{C6FB3625-A68B-47EE-82B7-B3664DD72A96}.Debug|iPhone.ActiveCfg = Debug|x86
		{C6FB3625-A68B-47EE-82B7-B3664DD72A96}.Debug|iPhone.Build.0 = Debug|x86
		{C6FB3625-A68B-47EE-82B7-B3664DD72A96}.Debug|iPhone.Deploy.0 = Debug|x86
		{C6FB3625-A68B-47EE-82B7-B3664DD72A96}.Debug|iPhoneSimulator.ActiveCfg = Debug|x86
		{C6FB3625-A68B-47EE-82B7-B3664DD72A96}.Debug|iPhoneSimulator.Build.0 = Debug|x86
		{C6FB3625-A68B-47EE-82B7-B3664DD72A96}.Debug|iPhoneSimulator.Deploy.0 = Debug|x86
		{C6FB3625-A68B-47EE-82B7-B3664DD72A96}.Debug|x64.ActiveCfg = Debug|x64
		{C6FB3625-A68B-47EE-82B7-B3664DD72A96}.Debug|x64.Build.0 = Debug|x64
		{C6FB3625-A68B-47EE-82B7-B3664DD72A96}.Debug|x64.Deploy.0 = Debug|x64
		{C6FB3625-A68B-47EE-82B7-B3664DD72A96}.Debug|x86.ActiveCfg = Debug|x86
		{C6FB3625-A68B-47EE-82B7-B3664DD72A96}.Debug|x86.Build.0 = Debug|x86
		{C6FB3625-A68B-47EE-82B7-B3664DD72A96}.Debug|x86.Deploy.0 = Debug|x86
		{C6FB3625-A68B-47EE-82B7-B3664DD72A96}.iOS_Debug|Any CPU.ActiveCfg = iOS_Debug|x64
		{C6FB3625-A68B-47EE-82B7-B3664DD72A96}.iOS_Debug|Any CPU.Build.0 = iOS_Debug|x64
		{C6FB3625-A68B-47EE-82B7-B3664DD72A96}.iOS_Debug|Any CPU.Deploy.0 = iOS_Debug|x64
		{C6FB3625-A68B-47EE-82B7-B3664DD72A96}.iOS_Debug|ARM.ActiveCfg = iOS_Debug|ARM
		{C6FB3625-A68B-47EE-82B7-B3664DD72A96}.iOS_Debug|ARM.Build.0 = iOS_Debug|ARM
		{C6FB3625-A68B-47EE-82B7-B3664DD72A96}.iOS_Debug|ARM.Deploy.0 = iOS_Debug|ARM
		{C6FB3625-A68B-47EE-82B7-B3664DD72A96}.iOS_Debug|iPhone.ActiveCfg = iOS_Debug|x64
		{C6FB3625-A68B-47EE-82B7-B3664DD72A96}.iOS_Debug|iPhone.Build.0 = iOS_Debug|x64
		{C6FB3625-A68B-47EE-82B7-B3664DD72A96}.iOS_Debug|iPhone.Deploy.0 = iOS_Debug|x64
		{C6FB3625-A68B-47EE-82B7-B3664DD72A96}.iOS_Debug|iPhoneSimulator.ActiveCfg = iOS_Debug|x64
		{C6FB3625-A68B-47EE-82B7-B3664DD72A96}.iOS_Debug|x64.ActiveCfg = iOS_Debug|x64
		{C6FB3625-A68B-47EE-82B7-B3664DD72A96}.iOS_Debug|x64.Build.0 = iOS_Debug|x64
		{C6FB3625-A68B-47EE-82B7-B3664DD72A96}.iOS_Debug|x64.Deploy.0 = iOS_Debug|x64
		{C6FB3625-A68B-47EE-82B7-B3664DD72A96}.iOS_Debug|x86.ActiveCfg = iOS_Debug|x86
		{C6FB3625-A68B-47EE-82B7-B3664DD72A96}.iOS_Debug|x86.Build.0 = iOS_Debug|x86
		{C6FB3625-A68B-47EE-82B7-B3664DD72A96}.iOS_Debug|x86.Deploy.0 = iOS_Debug|x86
		{C6FB3625-A68B-47EE-82B7-B3664DD72A96}.iOS_Release|Any CPU.ActiveCfg = iOS_Release|x64
		{C6FB3625-A68B-47EE-82B7-B3664DD72A96}.iOS_Release|Any CPU.Build.0 = iOS_Release|x64
		{C6FB3625-A68B-47EE-82B7-B3664DD72A96}.iOS_Release|Any CPU.Deploy.0 = iOS_Release|x64
		{C6FB3625-A68B-47EE-82B7-B3664DD72A96}.iOS_Release|ARM.ActiveCfg = iOS_Release|ARM
		{C6FB3625-A68B-47EE-82B7-B3664DD72A96}.iOS_Release|ARM.Build.0 = iOS_Release|ARM
		{C6FB3625-A68B-47EE-82B7-B3664DD72A96}.iOS_Release|ARM.Deploy.0 = iOS_Release|ARM
		{C6FB3625-A68B-47EE-82B7-B3664DD72A96}.iOS_Release|iPhone.ActiveCfg = iOS_Release|x64
		{C6FB3625-A68B-47EE-82B7-B3664DD72A96}.iOS_Release|iPhone.Build.0 = iOS_Release|x64
		{C6FB3625-A68B-47EE-82B7-B3664DD72A96}.iOS_Release|iPhone.Deploy.0 = iOS_Release|x64
		{C6FB3625-A68B-47EE-82B7-B3664DD72A96}.iOS_Release|iPhoneSimulator.ActiveCfg = iOS_Release|x64
		{C6FB3625-A68B-47EE-82B7-B3664DD72A96}.iOS_Release|x64.ActiveCfg = iOS_Release|x64
		{C6FB3625-A68B-47EE-82B7-B3664DD72A96}.iOS_Release|x64.Build.0 = iOS_Release|x64
		{C6FB3625-A68B-47EE-82B7-B3664DD72A96}.iOS_Release|x64.Deploy.0 = iOS_Release|x64
		{C6FB3625-A68B-47EE-82B7-B3664DD72A96}.iOS_Release|x86.ActiveCfg = iOS_Release|x86
		{C6FB3625-A68B-47EE-82B7-B3664DD72A96}.iOS_Release|x86.Build.0 = iOS_Release|x86
		{C6FB3625-A68B-47EE-82B7-B3664DD72A96}.iOS_Release|x86.Deploy.0 = iOS_Release|x86
		{C6FB3625-A68B-47EE-82B7-B3664DD72A96}.Release|Any CPU.ActiveCfg = Release|x86
		{C6FB3625-A68B-47EE-82B7-B3664DD72A96}.Release|Any CPU.Build.0 = Release|x86
		{C6FB3625-A68B-47EE-82B7-B3664DD72A96}.Release|Any CPU.Deploy.0 = Release|x86
		{C6FB3625-A68B-47EE-82B7-B3664DD72A96}.Release|ARM.ActiveCfg = Release|ARM
		{C6FB3625-A68B-47EE-82B7-B3664DD72A96}.Release|ARM.Build.0 = Release|ARM
		{C6FB3625-A68B-47EE-82B7-B3664DD72A96}.Release|ARM.Deploy.0 = Release|ARM
		{C6FB3625-A68B-47EE-82B7-B3664DD72A96}.Release|iPhone.ActiveCfg = Release|x86
		{C6FB3625-A68B-47EE-82B7-B3664DD72A96}.Release|iPhone.Build.0 = Release|x86
		{C6FB3625-A68B-47EE-82B7-B3664DD72A96}.Release|iPhone.Deploy.0 = Release|x86
		{C6FB3625-A68B-47EE-82B7-B3664DD72A96}.Release|iPhoneSimulator.ActiveCfg = Release|x86
		{C6FB3625-A68B-47EE-82B7-B3664DD72A96}.Release|iPhoneSimulator.Build.0 = Release|x86
		{C6FB3625-A68B-47EE-82B7-B3664DD72A96}.Release|iPhoneSimulator.Deploy.0 = Release|x86
		{C6FB3625-A68B-47EE-82B7-B3664DD72A96}.Release|x64.ActiveCfg = Release|x64
		{C6FB3625-A68B-47EE-82B7-B3664DD72A96}.Release|x64.Build.0 = Release|x64
		{C6FB3625-A68B-47EE-82B7-B3664DD72A96}.Release|x64.Deploy.0 = Release|x64
		{C6FB3625-A68B-47EE-82B7-B3664DD72A96}.Release|x86.ActiveCfg = Release|x86
		{C6FB3625-A68B-47EE-82B7-B3664DD72A96}.Release|x86.Build.0 = Release|x86
		{C6FB3625-A68B-47EE-82B7-B3664DD72A96}.Release|x86.Deploy.0 = Release|x86
		{C6FB3625-A68B-47EE-82B7-B3664DD72A96}.UWP_Debug|Any CPU.ActiveCfg = UWP_Debug|x64
		{C6FB3625-A68B-47EE-82B7-B3664DD72A96}.UWP_Debug|Any CPU.Build.0 = UWP_Debug|x64
		{C6FB3625-A68B-47EE-82B7-B3664DD72A96}.UWP_Debug|Any CPU.Deploy.0 = UWP_Debug|x64
		{C6FB3625-A68B-47EE-82B7-B3664DD72A96}.UWP_Debug|ARM.ActiveCfg = UWP_Debug|ARM
		{C6FB3625-A68B-47EE-82B7-B3664DD72A96}.UWP_Debug|ARM.Build.0 = UWP_Debug|ARM
		{C6FB3625-A68B-47EE-82B7-B3664DD72A96}.UWP_Debug|ARM.Deploy.0 = UWP_Debug|ARM
		{C6FB3625-A68B-47EE-82B7-B3664DD72A96}.UWP_Debug|iPhone.ActiveCfg = UWP_Debug|x64
		{C6FB3625-A68B-47EE-82B7-B3664DD72A96}.UWP_Debug|iPhone.Build.0 = UWP_Debug|x64
		{C6FB3625-A68B-47EE-82B7-B3664DD72A96}.UWP_Debug|iPhone.Deploy.0 = UWP_Debug|x64
		{C6FB3625-A68B-47EE-82B7-B3664DD72A96}.UWP_Debug|iPhoneSimulator.ActiveCfg = UWP_Debug|x64
		{C6FB3625-A68B-47EE-82B7-B3664DD72A96}.UWP_Debug|iPhoneSimulator.Build.0 = UWP_Debug|x64
		{C6FB3625-A68B-47EE-82B7-B3664DD72A96}.UWP_Debug|iPhoneSimulator.Deploy.0 = UWP_Debug|x64
		{C6FB3625-A68B-47EE-82B7-B3664DD72A96}.UWP_Debug|x64.ActiveCfg = UWP_Debug|x64
		{C6FB3625-A68B-47EE-82B7-B3664DD72A96}.UWP_Debug|x64.Build.0 = UWP_Debug|x64
		{C6FB3625-A68B-47EE-82B7-B3664DD72A96}.UWP_Debug|x64.Deploy.0 = UWP_Debug|x64
		{C6FB3625-A68B-47EE-82B7-B3664DD72A96}.UWP_Debug|x86.ActiveCfg = UWP_Debug|x86
		{C6FB3625-A68B-47EE-82B7-B3664DD72A96}.UWP_Debug|x86.Build.0 = UWP_Debug|x86
		{C6FB3625-A68B-47EE-82B7-B3664DD72A96}.UWP_Debug|x86.Deploy.0 = UWP_Debug|x86
		{C6FB3625-A68B-47EE-82B7-B3664DD72A96}.UWP_Release|Any CPU.ActiveCfg = UWP_Release|x64
		{C6FB3625-A68B-47EE-82B7-B3664DD72A96}.UWP_Release|Any CPU.Build.0 = UWP_Release|x64
		{C6FB3625-A68B-47EE-82B7-B3664DD72A96}.UWP_Release|Any CPU.Deploy.0 = UWP_Release|x64
		{C6FB3625-A68B-47EE-82B7-B3664DD72A96}.UWP_Release|ARM.ActiveCfg = UWP_Release|ARM
		{C6FB3625-A68B-47EE-82B7-B3664DD72A96}.UWP_Release|ARM.Build.0 = UWP_Release|ARM
		{C6FB3625-A68B-47EE-82B7-B3664DD72A96}.UWP_Release|ARM.Deploy.0 = UWP_Release|ARM
		{C6FB3625-A68B-47EE-82B7-B3664DD72A96}.UWP_Release|iPhone.ActiveCfg = UWP_Release|x64
		{C6FB3625-A68B-47EE-82B7-B3664DD72A96}.UWP_Release|iPhone.Build.0 = UWP_Release|x64
		{C6FB3625-A68B-47EE-82B7-B3664DD72A96}.UWP_Release|iPhone.Deploy.0 = UWP_Release|x64
		{C6FB3625-A68B-47EE-82B7-B3664DD72A96}.UWP_Release|iPhoneSimulator.ActiveCfg = UWP_Release|x64
		{C6FB3625-A68B-47EE-82B7-B3664DD72A96}.UWP_Release|iPhoneSimulator.Build.0 = UWP_Release|x64
		{C6FB3625-A68B-47EE-82B7-B3664DD72A96}.UWP_Release|iPhoneSimulator.Deploy.0 = UWP_Release|x64
		{C6FB3625-A68B-47EE-82B7-B3664DD72A96}.UWP_Release|x64.ActiveCfg = UWP_Release|x64
		{C6FB3625-A68B-47EE-82B7-B3664DD72A96}.UWP_Release|x64.Build.0 = UWP_Release|x64
		{C6FB3625-A68B-47EE-82B7-B3664DD72A96}.UWP_Release|x64.Deploy.0 = UWP_Release|x64
		{C6FB3625-A68B-47EE-82B7-B3664DD72A96}.UWP_Release|x86.ActiveCfg = UWP_Release|x86
		{C6FB3625-A68B-47EE-82B7-B3664DD72A96}.UWP_Release|x86.Build.0 = UWP_Release|x86
		{C6FB3625-A68B-47EE-82B7-B3664DD72A96}.UWP_Release|x86.Deploy.0 = UWP_Release|x86
		{3E4A8CEC-9C05-402B-A086-1E8489E0F522}.Android_Debug|Any CPU.ActiveCfg = Android_Debug|Any CPU
		{3E4A8CEC-9C05-402B-A086-1E8489E0F522}.Android_Debug|Any CPU.Build.0 = Android_Debug|Any CPU
		{3E4A8CEC-9C05-402B-A086-1E8489E0F522}.Android_Debug|Any CPU.Deploy.0 = Android_Debug|Any CPU
		{3E4A8CEC-9C05-402B-A086-1E8489E0F522}.Android_Debug|ARM.ActiveCfg = Android_Debug|Any CPU
		{3E4A8CEC-9C05-402B-A086-1E8489E0F522}.Android_Debug|ARM.Build.0 = Android_Debug|Any CPU
		{3E4A8CEC-9C05-402B-A086-1E8489E0F522}.Android_Debug|ARM.Deploy.0 = Android_Debug|Any CPU
		{3E4A8CEC-9C05-402B-A086-1E8489E0F522}.Android_Debug|iPhone.ActiveCfg = Android_Debug|Any CPU
		{3E4A8CEC-9C05-402B-A086-1E8489E0F522}.Android_Debug|iPhone.Build.0 = Android_Debug|Any CPU
		{3E4A8CEC-9C05-402B-A086-1E8489E0F522}.Android_Debug|iPhone.Deploy.0 = Android_Debug|Any CPU
		{3E4A8CEC-9C05-402B-A086-1E8489E0F522}.Android_Debug|iPhoneSimulator.ActiveCfg = Android_Debug|Any CPU
		{3E4A8CEC-9C05-402B-A086-1E8489E0F522}.Android_Debug|iPhoneSimulator.Build.0 = Android_Debug|Any CPU
		{3E4A8CEC-9C05-402B-A086-1E8489E0F522}.Android_Debug|iPhoneSimulator.Deploy.0 = Android_Debug|Any CPU
		{3E4A8CEC-9C05-402B-A086-1E8489E0F522}.Android_Debug|x64.ActiveCfg = Android_Debug|Any CPU
		{3E4A8CEC-9C05-402B-A086-1E8489E0F522}.Android_Debug|x64.Build.0 = Android_Debug|Any CPU
		{3E4A8CEC-9C05-402B-A086-1E8489E0F522}.Android_Debug|x64.Deploy.0 = Android_Debug|Any CPU
		{3E4A8CEC-9C05-402B-A086-1E8489E0F522}.Android_Debug|x86.ActiveCfg = Android_Debug|Any CPU
		{3E4A8CEC-9C05-402B-A086-1E8489E0F522}.Android_Debug|x86.Build.0 = Android_Debug|Any CPU
		{3E4A8CEC-9C05-402B-A086-1E8489E0F522}.Android_Debug|x86.Deploy.0 = Android_Debug|Any CPU
		{3E4A8CEC-9C05-402B-A086-1E8489E0F522}.Android_Release|Any CPU.ActiveCfg = Android_Release|Any CPU
		{3E4A8CEC-9C05-402B-A086-1E8489E0F522}.Android_Release|Any CPU.Build.0 = Android_Release|Any CPU
		{3E4A8CEC-9C05-402B-A086-1E8489E0F522}.Android_Release|Any CPU.Deploy.0 = Android_Release|Any CPU
		{3E4A8CEC-9C05-402B-A086-1E8489E0F522}.Android_Release|ARM.ActiveCfg = Android_Release|Any CPU
		{3E4A8CEC-9C05-402B-A086-1E8489E0F522}.Android_Release|ARM.Build.0 = Android_Release|Any CPU
		{3E4A8CEC-9C05-402B-A086-1E8489E0F522}.Android_Release|ARM.Deploy.0 = Android_Release|Any CPU
		{3E4A8CEC-9C05-402B-A086-1E8489E0F522}.Android_Release|iPhone.ActiveCfg = Android_Release|Any CPU
		{3E4A8CEC-9C05-402B-A086-1E8489E0F522}.Android_Release|iPhone.Build.0 = Android_Release|Any CPU
		{3E4A8CEC-9C05-402B-A086-1E8489E0F522}.Android_Release|iPhone.Deploy.0 = Android_Release|Any CPU
		{3E4A8CEC-9C05-402B-A086-1E8489E0F522}.Android_Release|iPhoneSimulator.ActiveCfg = Android_Release|Any CPU
		{3E4A8CEC-9C05-402B-A086-1E8489E0F522}.Android_Release|iPhoneSimulator.Build.0 = Android_Release|Any CPU
		{3E4A8CEC-9C05-402B-A086-1E8489E0F522}.Android_Release|iPhoneSimulator.Deploy.0 = Android_Release|Any CPU
		{3E4A8CEC-9C05-402B-A086-1E8489E0F522}.Android_Release|x64.ActiveCfg = Android_Release|Any CPU
		{3E4A8CEC-9C05-402B-A086-1E8489E0F522}.Android_Release|x64.Build.0 = Android_Release|Any CPU
		{3E4A8CEC-9C05-402B-A086-1E8489E0F522}.Android_Release|x64.Deploy.0 = Android_Release|Any CPU
		{3E4A8CEC-9C05-402B-A086-1E8489E0F522}.Android_Release|x86.ActiveCfg = Android_Release|Any CPU
		{3E4A8CEC-9C05-402B-A086-1E8489E0F522}.Android_Release|x86.Build.0 = Android_Release|Any CPU
		{3E4A8CEC-9C05-402B-A086-1E8489E0F522}.Android_Release|x86.Deploy.0 = Android_Release|Any CPU
		{3E4A8CEC-9C05-402B-A086-1E8489E0F522}.Debug|Any CPU.ActiveCfg = Debug|Any CPU
		{3E4A8CEC-9C05-402B-A086-1E8489E0F522}.Debug|Any CPU.Build.0 = Debug|Any CPU
		{3E4A8CEC-9C05-402B-A086-1E8489E0F522}.Debug|Any CPU.Deploy.0 = Debug|Any CPU
		{3E4A8CEC-9C05-402B-A086-1E8489E0F522}.Debug|ARM.ActiveCfg = Debug|Any CPU
		{3E4A8CEC-9C05-402B-A086-1E8489E0F522}.Debug|ARM.Build.0 = Debug|Any CPU
		{3E4A8CEC-9C05-402B-A086-1E8489E0F522}.Debug|ARM.Deploy.0 = Debug|Any CPU
		{3E4A8CEC-9C05-402B-A086-1E8489E0F522}.Debug|iPhone.ActiveCfg = Debug|Any CPU
		{3E4A8CEC-9C05-402B-A086-1E8489E0F522}.Debug|iPhone.Build.0 = Debug|Any CPU
		{3E4A8CEC-9C05-402B-A086-1E8489E0F522}.Debug|iPhone.Deploy.0 = Debug|Any CPU
		{3E4A8CEC-9C05-402B-A086-1E8489E0F522}.Debug|iPhoneSimulator.ActiveCfg = Debug|Any CPU
		{3E4A8CEC-9C05-402B-A086-1E8489E0F522}.Debug|iPhoneSimulator.Build.0 = Debug|Any CPU
		{3E4A8CEC-9C05-402B-A086-1E8489E0F522}.Debug|iPhoneSimulator.Deploy.0 = Debug|Any CPU
		{3E4A8CEC-9C05-402B-A086-1E8489E0F522}.Debug|x64.ActiveCfg = Debug|Any CPU
		{3E4A8CEC-9C05-402B-A086-1E8489E0F522}.Debug|x64.Build.0 = Debug|Any CPU
		{3E4A8CEC-9C05-402B-A086-1E8489E0F522}.Debug|x64.Deploy.0 = Debug|Any CPU
		{3E4A8CEC-9C05-402B-A086-1E8489E0F522}.Debug|x86.ActiveCfg = Debug|Any CPU
		{3E4A8CEC-9C05-402B-A086-1E8489E0F522}.Debug|x86.Build.0 = Debug|Any CPU
		{3E4A8CEC-9C05-402B-A086-1E8489E0F522}.Debug|x86.Deploy.0 = Debug|Any CPU
		{3E4A8CEC-9C05-402B-A086-1E8489E0F522}.iOS_Debug|Any CPU.ActiveCfg = iOS_Debug|Any CPU
		{3E4A8CEC-9C05-402B-A086-1E8489E0F522}.iOS_Debug|Any CPU.Build.0 = iOS_Debug|Any CPU
		{3E4A8CEC-9C05-402B-A086-1E8489E0F522}.iOS_Debug|Any CPU.Deploy.0 = iOS_Debug|Any CPU
		{3E4A8CEC-9C05-402B-A086-1E8489E0F522}.iOS_Debug|ARM.ActiveCfg = iOS_Debug|Any CPU
		{3E4A8CEC-9C05-402B-A086-1E8489E0F522}.iOS_Debug|ARM.Build.0 = iOS_Debug|Any CPU
		{3E4A8CEC-9C05-402B-A086-1E8489E0F522}.iOS_Debug|ARM.Deploy.0 = iOS_Debug|Any CPU
		{3E4A8CEC-9C05-402B-A086-1E8489E0F522}.iOS_Debug|iPhone.ActiveCfg = iOS_Debug|Any CPU
		{3E4A8CEC-9C05-402B-A086-1E8489E0F522}.iOS_Debug|iPhone.Build.0 = iOS_Debug|Any CPU
		{3E4A8CEC-9C05-402B-A086-1E8489E0F522}.iOS_Debug|iPhone.Deploy.0 = iOS_Debug|Any CPU
		{3E4A8CEC-9C05-402B-A086-1E8489E0F522}.iOS_Debug|iPhoneSimulator.ActiveCfg = iOS_Debug|Any CPU
		{3E4A8CEC-9C05-402B-A086-1E8489E0F522}.iOS_Debug|x64.ActiveCfg = iOS_Debug|Any CPU
		{3E4A8CEC-9C05-402B-A086-1E8489E0F522}.iOS_Debug|x64.Build.0 = iOS_Debug|Any CPU
		{3E4A8CEC-9C05-402B-A086-1E8489E0F522}.iOS_Debug|x64.Deploy.0 = iOS_Debug|Any CPU
		{3E4A8CEC-9C05-402B-A086-1E8489E0F522}.iOS_Debug|x86.ActiveCfg = iOS_Debug|Any CPU
		{3E4A8CEC-9C05-402B-A086-1E8489E0F522}.iOS_Debug|x86.Build.0 = iOS_Debug|Any CPU
		{3E4A8CEC-9C05-402B-A086-1E8489E0F522}.iOS_Debug|x86.Deploy.0 = iOS_Debug|Any CPU
		{3E4A8CEC-9C05-402B-A086-1E8489E0F522}.iOS_Release|Any CPU.ActiveCfg = iOS_Release|Any CPU
		{3E4A8CEC-9C05-402B-A086-1E8489E0F522}.iOS_Release|Any CPU.Build.0 = iOS_Release|Any CPU
		{3E4A8CEC-9C05-402B-A086-1E8489E0F522}.iOS_Release|Any CPU.Deploy.0 = iOS_Release|Any CPU
		{3E4A8CEC-9C05-402B-A086-1E8489E0F522}.iOS_Release|ARM.ActiveCfg = iOS_Release|Any CPU
		{3E4A8CEC-9C05-402B-A086-1E8489E0F522}.iOS_Release|ARM.Build.0 = iOS_Release|Any CPU
		{3E4A8CEC-9C05-402B-A086-1E8489E0F522}.iOS_Release|ARM.Deploy.0 = iOS_Release|Any CPU
		{3E4A8CEC-9C05-402B-A086-1E8489E0F522}.iOS_Release|iPhone.ActiveCfg = iOS_Release|Any CPU
		{3E4A8CEC-9C05-402B-A086-1E8489E0F522}.iOS_Release|iPhone.Build.0 = iOS_Release|Any CPU
		{3E4A8CEC-9C05-402B-A086-1E8489E0F522}.iOS_Release|iPhone.Deploy.0 = iOS_Release|Any CPU
		{3E4A8CEC-9C05-402B-A086-1E8489E0F522}.iOS_Release|iPhoneSimulator.ActiveCfg = iOS_Release|Any CPU
		{3E4A8CEC-9C05-402B-A086-1E8489E0F522}.iOS_Release|x64.ActiveCfg = iOS_Release|Any CPU
		{3E4A8CEC-9C05-402B-A086-1E8489E0F522}.iOS_Release|x64.Build.0 = iOS_Release|Any CPU
		{3E4A8CEC-9C05-402B-A086-1E8489E0F522}.iOS_Release|x64.Deploy.0 = iOS_Release|Any CPU
		{3E4A8CEC-9C05-402B-A086-1E8489E0F522}.iOS_Release|x86.ActiveCfg = iOS_Release|Any CPU
		{3E4A8CEC-9C05-402B-A086-1E8489E0F522}.iOS_Release|x86.Build.0 = iOS_Release|Any CPU
		{3E4A8CEC-9C05-402B-A086-1E8489E0F522}.iOS_Release|x86.Deploy.0 = iOS_Release|Any CPU
		{3E4A8CEC-9C05-402B-A086-1E8489E0F522}.Release|Any CPU.ActiveCfg = Release|Any CPU
		{3E4A8CEC-9C05-402B-A086-1E8489E0F522}.Release|Any CPU.Build.0 = Release|Any CPU
		{3E4A8CEC-9C05-402B-A086-1E8489E0F522}.Release|Any CPU.Deploy.0 = Release|Any CPU
		{3E4A8CEC-9C05-402B-A086-1E8489E0F522}.Release|ARM.ActiveCfg = Release|Any CPU
		{3E4A8CEC-9C05-402B-A086-1E8489E0F522}.Release|ARM.Build.0 = Release|Any CPU
		{3E4A8CEC-9C05-402B-A086-1E8489E0F522}.Release|ARM.Deploy.0 = Release|Any CPU
		{3E4A8CEC-9C05-402B-A086-1E8489E0F522}.Release|iPhone.ActiveCfg = Release|Any CPU
		{3E4A8CEC-9C05-402B-A086-1E8489E0F522}.Release|iPhone.Build.0 = Release|Any CPU
		{3E4A8CEC-9C05-402B-A086-1E8489E0F522}.Release|iPhone.Deploy.0 = Release|Any CPU
		{3E4A8CEC-9C05-402B-A086-1E8489E0F522}.Release|iPhoneSimulator.ActiveCfg = Release|Any CPU
		{3E4A8CEC-9C05-402B-A086-1E8489E0F522}.Release|iPhoneSimulator.Build.0 = Release|Any CPU
		{3E4A8CEC-9C05-402B-A086-1E8489E0F522}.Release|iPhoneSimulator.Deploy.0 = Release|Any CPU
		{3E4A8CEC-9C05-402B-A086-1E8489E0F522}.Release|x64.ActiveCfg = Release|Any CPU
		{3E4A8CEC-9C05-402B-A086-1E8489E0F522}.Release|x64.Build.0 = Release|Any CPU
		{3E4A8CEC-9C05-402B-A086-1E8489E0F522}.Release|x64.Deploy.0 = Release|Any CPU
		{3E4A8CEC-9C05-402B-A086-1E8489E0F522}.Release|x86.ActiveCfg = Release|Any CPU
		{3E4A8CEC-9C05-402B-A086-1E8489E0F522}.Release|x86.Build.0 = Release|Any CPU
		{3E4A8CEC-9C05-402B-A086-1E8489E0F522}.Release|x86.Deploy.0 = Release|Any CPU
		{3E4A8CEC-9C05-402B-A086-1E8489E0F522}.UWP_Debug|Any CPU.ActiveCfg = UWP_Debug|Any CPU
		{3E4A8CEC-9C05-402B-A086-1E8489E0F522}.UWP_Debug|Any CPU.Build.0 = UWP_Debug|Any CPU
		{3E4A8CEC-9C05-402B-A086-1E8489E0F522}.UWP_Debug|Any CPU.Deploy.0 = UWP_Debug|Any CPU
		{3E4A8CEC-9C05-402B-A086-1E8489E0F522}.UWP_Debug|ARM.ActiveCfg = UWP_Debug|Any CPU
		{3E4A8CEC-9C05-402B-A086-1E8489E0F522}.UWP_Debug|ARM.Build.0 = UWP_Debug|Any CPU
		{3E4A8CEC-9C05-402B-A086-1E8489E0F522}.UWP_Debug|ARM.Deploy.0 = UWP_Debug|Any CPU
		{3E4A8CEC-9C05-402B-A086-1E8489E0F522}.UWP_Debug|iPhone.ActiveCfg = UWP_Debug|Any CPU
		{3E4A8CEC-9C05-402B-A086-1E8489E0F522}.UWP_Debug|iPhone.Build.0 = UWP_Debug|Any CPU
		{3E4A8CEC-9C05-402B-A086-1E8489E0F522}.UWP_Debug|iPhone.Deploy.0 = UWP_Debug|Any CPU
		{3E4A8CEC-9C05-402B-A086-1E8489E0F522}.UWP_Debug|iPhoneSimulator.ActiveCfg = UWP_Debug|Any CPU
		{3E4A8CEC-9C05-402B-A086-1E8489E0F522}.UWP_Debug|x64.ActiveCfg = UWP_Debug|Any CPU
		{3E4A8CEC-9C05-402B-A086-1E8489E0F522}.UWP_Debug|x64.Build.0 = UWP_Debug|Any CPU
		{3E4A8CEC-9C05-402B-A086-1E8489E0F522}.UWP_Debug|x64.Deploy.0 = UWP_Debug|Any CPU
		{3E4A8CEC-9C05-402B-A086-1E8489E0F522}.UWP_Debug|x86.ActiveCfg = UWP_Debug|Any CPU
		{3E4A8CEC-9C05-402B-A086-1E8489E0F522}.UWP_Debug|x86.Build.0 = UWP_Debug|Any CPU
		{3E4A8CEC-9C05-402B-A086-1E8489E0F522}.UWP_Debug|x86.Deploy.0 = UWP_Debug|Any CPU
		{3E4A8CEC-9C05-402B-A086-1E8489E0F522}.UWP_Release|Any CPU.ActiveCfg = UWP_Release|Any CPU
		{3E4A8CEC-9C05-402B-A086-1E8489E0F522}.UWP_Release|Any CPU.Build.0 = UWP_Release|Any CPU
		{3E4A8CEC-9C05-402B-A086-1E8489E0F522}.UWP_Release|Any CPU.Deploy.0 = UWP_Release|Any CPU
		{3E4A8CEC-9C05-402B-A086-1E8489E0F522}.UWP_Release|ARM.ActiveCfg = UWP_Release|Any CPU
		{3E4A8CEC-9C05-402B-A086-1E8489E0F522}.UWP_Release|ARM.Build.0 = UWP_Release|Any CPU
		{3E4A8CEC-9C05-402B-A086-1E8489E0F522}.UWP_Release|ARM.Deploy.0 = UWP_Release|Any CPU
		{3E4A8CEC-9C05-402B-A086-1E8489E0F522}.UWP_Release|iPhone.ActiveCfg = UWP_Release|Any CPU
		{3E4A8CEC-9C05-402B-A086-1E8489E0F522}.UWP_Release|iPhone.Build.0 = UWP_Release|Any CPU
		{3E4A8CEC-9C05-402B-A086-1E8489E0F522}.UWP_Release|iPhone.Deploy.0 = UWP_Release|Any CPU
		{3E4A8CEC-9C05-402B-A086-1E8489E0F522}.UWP_Release|iPhoneSimulator.ActiveCfg = UWP_Release|Any CPU
		{3E4A8CEC-9C05-402B-A086-1E8489E0F522}.UWP_Release|x64.ActiveCfg = UWP_Release|Any CPU
		{3E4A8CEC-9C05-402B-A086-1E8489E0F522}.UWP_Release|x64.Build.0 = UWP_Release|Any CPU
		{3E4A8CEC-9C05-402B-A086-1E8489E0F522}.UWP_Release|x64.Deploy.0 = UWP_Release|Any CPU
		{3E4A8CEC-9C05-402B-A086-1E8489E0F522}.UWP_Release|x86.ActiveCfg = UWP_Release|Any CPU
		{3E4A8CEC-9C05-402B-A086-1E8489E0F522}.UWP_Release|x86.Build.0 = UWP_Release|Any CPU
		{3E4A8CEC-9C05-402B-A086-1E8489E0F522}.UWP_Release|x86.Deploy.0 = UWP_Release|Any CPU
		{210E94BD-C4A6-4C65-9378-F8B059499EB6}.Android_Debug|Any CPU.ActiveCfg = Android_Debug|iPhoneSimulator
		{210E94BD-C4A6-4C65-9378-F8B059499EB6}.Android_Debug|Any CPU.Build.0 = Android_Debug|iPhoneSimulator
		{210E94BD-C4A6-4C65-9378-F8B059499EB6}.Android_Debug|ARM.ActiveCfg = Android_Debug|iPhoneSimulator
		{210E94BD-C4A6-4C65-9378-F8B059499EB6}.Android_Debug|ARM.Build.0 = Android_Debug|iPhoneSimulator
		{210E94BD-C4A6-4C65-9378-F8B059499EB6}.Android_Debug|iPhone.ActiveCfg = Android_Debug|iPhone
		{210E94BD-C4A6-4C65-9378-F8B059499EB6}.Android_Debug|iPhone.Build.0 = Android_Debug|iPhone
		{210E94BD-C4A6-4C65-9378-F8B059499EB6}.Android_Debug|iPhoneSimulator.ActiveCfg = Android_Debug|iPhoneSimulator
		{210E94BD-C4A6-4C65-9378-F8B059499EB6}.Android_Debug|x64.ActiveCfg = Android_Debug|iPhoneSimulator
		{210E94BD-C4A6-4C65-9378-F8B059499EB6}.Android_Debug|x64.Build.0 = Android_Debug|iPhoneSimulator
		{210E94BD-C4A6-4C65-9378-F8B059499EB6}.Android_Debug|x86.ActiveCfg = Android_Debug|iPhoneSimulator
		{210E94BD-C4A6-4C65-9378-F8B059499EB6}.Android_Debug|x86.Build.0 = Android_Debug|iPhoneSimulator
		{210E94BD-C4A6-4C65-9378-F8B059499EB6}.Android_Release|Any CPU.ActiveCfg = Android_Release|iPhoneSimulator
		{210E94BD-C4A6-4C65-9378-F8B059499EB6}.Android_Release|Any CPU.Build.0 = Android_Release|iPhoneSimulator
		{210E94BD-C4A6-4C65-9378-F8B059499EB6}.Android_Release|ARM.ActiveCfg = Android_Release|iPhoneSimulator
		{210E94BD-C4A6-4C65-9378-F8B059499EB6}.Android_Release|ARM.Build.0 = Android_Release|iPhoneSimulator
		{210E94BD-C4A6-4C65-9378-F8B059499EB6}.Android_Release|iPhone.ActiveCfg = Android_Release|iPhone
		{210E94BD-C4A6-4C65-9378-F8B059499EB6}.Android_Release|iPhoneSimulator.ActiveCfg = Android_Release|iPhoneSimulator
		{210E94BD-C4A6-4C65-9378-F8B059499EB6}.Android_Release|x64.ActiveCfg = Android_Release|iPhoneSimulator
		{210E94BD-C4A6-4C65-9378-F8B059499EB6}.Android_Release|x64.Build.0 = Android_Release|iPhoneSimulator
		{210E94BD-C4A6-4C65-9378-F8B059499EB6}.Android_Release|x86.ActiveCfg = Android_Release|iPhoneSimulator
		{210E94BD-C4A6-4C65-9378-F8B059499EB6}.Android_Release|x86.Build.0 = Android_Release|iPhoneSimulator
		{210E94BD-C4A6-4C65-9378-F8B059499EB6}.Debug|Any CPU.ActiveCfg = Debug|iPhoneSimulator
		{210E94BD-C4A6-4C65-9378-F8B059499EB6}.Debug|Any CPU.Build.0 = Debug|iPhoneSimulator
		{210E94BD-C4A6-4C65-9378-F8B059499EB6}.Debug|Any CPU.Deploy.0 = Debug|iPhoneSimulator
		{210E94BD-C4A6-4C65-9378-F8B059499EB6}.Debug|ARM.ActiveCfg = Debug|iPhone
		{210E94BD-C4A6-4C65-9378-F8B059499EB6}.Debug|ARM.Build.0 = Debug|iPhone
		{210E94BD-C4A6-4C65-9378-F8B059499EB6}.Debug|ARM.Deploy.0 = Debug|iPhone
		{210E94BD-C4A6-4C65-9378-F8B059499EB6}.Debug|iPhone.ActiveCfg = Debug|iPhone
		{210E94BD-C4A6-4C65-9378-F8B059499EB6}.Debug|iPhone.Build.0 = Debug|iPhone
		{210E94BD-C4A6-4C65-9378-F8B059499EB6}.Debug|iPhone.Deploy.0 = Debug|iPhone
		{210E94BD-C4A6-4C65-9378-F8B059499EB6}.Debug|iPhoneSimulator.ActiveCfg = Debug|iPhoneSimulator
		{210E94BD-C4A6-4C65-9378-F8B059499EB6}.Debug|iPhoneSimulator.Build.0 = Debug|iPhoneSimulator
		{210E94BD-C4A6-4C65-9378-F8B059499EB6}.Debug|iPhoneSimulator.Deploy.0 = Debug|iPhoneSimulator
		{210E94BD-C4A6-4C65-9378-F8B059499EB6}.Debug|x64.ActiveCfg = Debug|iPhoneSimulator
		{210E94BD-C4A6-4C65-9378-F8B059499EB6}.Debug|x64.Build.0 = Debug|iPhoneSimulator
		{210E94BD-C4A6-4C65-9378-F8B059499EB6}.Debug|x64.Deploy.0 = Debug|iPhoneSimulator
		{210E94BD-C4A6-4C65-9378-F8B059499EB6}.Debug|x86.ActiveCfg = Debug|iPhoneSimulator
		{210E94BD-C4A6-4C65-9378-F8B059499EB6}.Debug|x86.Build.0 = Debug|iPhoneSimulator
		{210E94BD-C4A6-4C65-9378-F8B059499EB6}.Debug|x86.Deploy.0 = Debug|iPhoneSimulator
		{210E94BD-C4A6-4C65-9378-F8B059499EB6}.iOS_Debug|Any CPU.ActiveCfg = iOS_Debug|iPhoneSimulator
		{210E94BD-C4A6-4C65-9378-F8B059499EB6}.iOS_Debug|Any CPU.Build.0 = iOS_Debug|iPhoneSimulator
		{210E94BD-C4A6-4C65-9378-F8B059499EB6}.iOS_Debug|ARM.ActiveCfg = iOS_Debug|iPhoneSimulator
		{210E94BD-C4A6-4C65-9378-F8B059499EB6}.iOS_Debug|ARM.Build.0 = iOS_Debug|iPhoneSimulator
		{210E94BD-C4A6-4C65-9378-F8B059499EB6}.iOS_Debug|iPhone.ActiveCfg = iOS_Debug|iPhone
		{210E94BD-C4A6-4C65-9378-F8B059499EB6}.iOS_Debug|iPhone.Build.0 = iOS_Debug|iPhone
		{210E94BD-C4A6-4C65-9378-F8B059499EB6}.iOS_Debug|iPhoneSimulator.ActiveCfg = iOS_Debug|iPhoneSimulator
		{210E94BD-C4A6-4C65-9378-F8B059499EB6}.iOS_Debug|iPhoneSimulator.Build.0 = iOS_Debug|iPhoneSimulator
		{210E94BD-C4A6-4C65-9378-F8B059499EB6}.iOS_Debug|x64.ActiveCfg = iOS_Debug|iPhoneSimulator
		{210E94BD-C4A6-4C65-9378-F8B059499EB6}.iOS_Debug|x64.Build.0 = iOS_Debug|iPhoneSimulator
		{210E94BD-C4A6-4C65-9378-F8B059499EB6}.iOS_Debug|x86.ActiveCfg = iOS_Debug|iPhoneSimulator
		{210E94BD-C4A6-4C65-9378-F8B059499EB6}.iOS_Debug|x86.Build.0 = iOS_Debug|iPhoneSimulator
		{210E94BD-C4A6-4C65-9378-F8B059499EB6}.iOS_Release|Any CPU.ActiveCfg = iOS_Release|iPhoneSimulator
		{210E94BD-C4A6-4C65-9378-F8B059499EB6}.iOS_Release|Any CPU.Build.0 = iOS_Release|iPhoneSimulator
		{210E94BD-C4A6-4C65-9378-F8B059499EB6}.iOS_Release|ARM.ActiveCfg = iOS_Release|iPhoneSimulator
		{210E94BD-C4A6-4C65-9378-F8B059499EB6}.iOS_Release|ARM.Build.0 = iOS_Release|iPhoneSimulator
		{210E94BD-C4A6-4C65-9378-F8B059499EB6}.iOS_Release|iPhone.ActiveCfg = iOS_Release|iPhone
		{210E94BD-C4A6-4C65-9378-F8B059499EB6}.iOS_Release|iPhone.Build.0 = iOS_Release|iPhone
		{210E94BD-C4A6-4C65-9378-F8B059499EB6}.iOS_Release|iPhoneSimulator.ActiveCfg = iOS_Release|iPhoneSimulator
		{210E94BD-C4A6-4C65-9378-F8B059499EB6}.iOS_Release|iPhoneSimulator.Build.0 = iOS_Release|iPhoneSimulator
		{210E94BD-C4A6-4C65-9378-F8B059499EB6}.iOS_Release|x64.ActiveCfg = iOS_Release|iPhoneSimulator
		{210E94BD-C4A6-4C65-9378-F8B059499EB6}.iOS_Release|x64.Build.0 = iOS_Release|iPhoneSimulator
		{210E94BD-C4A6-4C65-9378-F8B059499EB6}.iOS_Release|x86.ActiveCfg = iOS_Release|iPhoneSimulator
		{210E94BD-C4A6-4C65-9378-F8B059499EB6}.iOS_Release|x86.Build.0 = iOS_Release|iPhoneSimulator
		{210E94BD-C4A6-4C65-9378-F8B059499EB6}.Release|Any CPU.ActiveCfg = Release|iPhoneSimulator
		{210E94BD-C4A6-4C65-9378-F8B059499EB6}.Release|Any CPU.Build.0 = Release|iPhoneSimulator
		{210E94BD-C4A6-4C65-9378-F8B059499EB6}.Release|Any CPU.Deploy.0 = Release|iPhoneSimulator
		{210E94BD-C4A6-4C65-9378-F8B059499EB6}.Release|ARM.ActiveCfg = Release|iPhoneSimulator
		{210E94BD-C4A6-4C65-9378-F8B059499EB6}.Release|ARM.Build.0 = Release|iPhoneSimulator
		{210E94BD-C4A6-4C65-9378-F8B059499EB6}.Release|ARM.Deploy.0 = Release|iPhoneSimulator
		{210E94BD-C4A6-4C65-9378-F8B059499EB6}.Release|iPhone.ActiveCfg = Release|iPhone
		{210E94BD-C4A6-4C65-9378-F8B059499EB6}.Release|iPhone.Build.0 = Release|iPhone
		{210E94BD-C4A6-4C65-9378-F8B059499EB6}.Release|iPhone.Deploy.0 = Release|iPhone
		{210E94BD-C4A6-4C65-9378-F8B059499EB6}.Release|iPhoneSimulator.ActiveCfg = Release|iPhoneSimulator
		{210E94BD-C4A6-4C65-9378-F8B059499EB6}.Release|iPhoneSimulator.Build.0 = Release|iPhoneSimulator
		{210E94BD-C4A6-4C65-9378-F8B059499EB6}.Release|iPhoneSimulator.Deploy.0 = Release|iPhoneSimulator
		{210E94BD-C4A6-4C65-9378-F8B059499EB6}.Release|x64.ActiveCfg = Release|iPhoneSimulator
		{210E94BD-C4A6-4C65-9378-F8B059499EB6}.Release|x64.Build.0 = Release|iPhoneSimulator
		{210E94BD-C4A6-4C65-9378-F8B059499EB6}.Release|x64.Deploy.0 = Release|iPhoneSimulator
		{210E94BD-C4A6-4C65-9378-F8B059499EB6}.Release|x86.ActiveCfg = Release|iPhoneSimulator
		{210E94BD-C4A6-4C65-9378-F8B059499EB6}.Release|x86.Build.0 = Release|iPhoneSimulator
		{210E94BD-C4A6-4C65-9378-F8B059499EB6}.Release|x86.Deploy.0 = Release|iPhoneSimulator
		{210E94BD-C4A6-4C65-9378-F8B059499EB6}.UWP_Debug|Any CPU.ActiveCfg = UWP_Debug|iPhoneSimulator
		{210E94BD-C4A6-4C65-9378-F8B059499EB6}.UWP_Debug|Any CPU.Build.0 = UWP_Debug|iPhoneSimulator
		{210E94BD-C4A6-4C65-9378-F8B059499EB6}.UWP_Debug|ARM.ActiveCfg = UWP_Debug|iPhoneSimulator
		{210E94BD-C4A6-4C65-9378-F8B059499EB6}.UWP_Debug|ARM.Build.0 = UWP_Debug|iPhoneSimulator
		{210E94BD-C4A6-4C65-9378-F8B059499EB6}.UWP_Debug|iPhone.ActiveCfg = UWP_Debug|iPhone
		{210E94BD-C4A6-4C65-9378-F8B059499EB6}.UWP_Debug|iPhone.Build.0 = UWP_Debug|iPhone
		{210E94BD-C4A6-4C65-9378-F8B059499EB6}.UWP_Debug|iPhoneSimulator.ActiveCfg = UWP_Debug|iPhoneSimulator
		{210E94BD-C4A6-4C65-9378-F8B059499EB6}.UWP_Debug|x64.ActiveCfg = UWP_Debug|iPhoneSimulator
		{210E94BD-C4A6-4C65-9378-F8B059499EB6}.UWP_Debug|x64.Build.0 = UWP_Debug|iPhoneSimulator
		{210E94BD-C4A6-4C65-9378-F8B059499EB6}.UWP_Debug|x86.ActiveCfg = UWP_Debug|iPhoneSimulator
		{210E94BD-C4A6-4C65-9378-F8B059499EB6}.UWP_Debug|x86.Build.0 = UWP_Debug|iPhoneSimulator
		{210E94BD-C4A6-4C65-9378-F8B059499EB6}.UWP_Release|Any CPU.ActiveCfg = UWP_Release|iPhoneSimulator
		{210E94BD-C4A6-4C65-9378-F8B059499EB6}.UWP_Release|Any CPU.Build.0 = UWP_Release|iPhoneSimulator
		{210E94BD-C4A6-4C65-9378-F8B059499EB6}.UWP_Release|ARM.ActiveCfg = UWP_Release|iPhoneSimulator
		{210E94BD-C4A6-4C65-9378-F8B059499EB6}.UWP_Release|ARM.Build.0 = UWP_Release|iPhoneSimulator
		{210E94BD-C4A6-4C65-9378-F8B059499EB6}.UWP_Release|iPhone.ActiveCfg = UWP_Release|iPhone
		{210E94BD-C4A6-4C65-9378-F8B059499EB6}.UWP_Release|iPhone.Build.0 = UWP_Release|iPhone
		{210E94BD-C4A6-4C65-9378-F8B059499EB6}.UWP_Release|iPhoneSimulator.ActiveCfg = UWP_Release|iPhoneSimulator
		{210E94BD-C4A6-4C65-9378-F8B059499EB6}.UWP_Release|x64.ActiveCfg = UWP_Release|iPhoneSimulator
		{210E94BD-C4A6-4C65-9378-F8B059499EB6}.UWP_Release|x64.Build.0 = UWP_Release|iPhoneSimulator
		{210E94BD-C4A6-4C65-9378-F8B059499EB6}.UWP_Release|x86.ActiveCfg = UWP_Release|iPhoneSimulator
		{210E94BD-C4A6-4C65-9378-F8B059499EB6}.UWP_Release|x86.Build.0 = UWP_Release|iPhoneSimulator
		{AB4A6563-2203-41DF-89B7-3C6CADC9ECAF}.Android_Debug|Any CPU.ActiveCfg = Android_Debug|Any CPU
		{AB4A6563-2203-41DF-89B7-3C6CADC9ECAF}.Android_Debug|Any CPU.Build.0 = Android_Debug|Any CPU
		{AB4A6563-2203-41DF-89B7-3C6CADC9ECAF}.Android_Debug|ARM.ActiveCfg = Android_Debug|Any CPU
		{AB4A6563-2203-41DF-89B7-3C6CADC9ECAF}.Android_Debug|ARM.Build.0 = Android_Debug|Any CPU
		{AB4A6563-2203-41DF-89B7-3C6CADC9ECAF}.Android_Debug|iPhone.ActiveCfg = Android_Debug|Any CPU
		{AB4A6563-2203-41DF-89B7-3C6CADC9ECAF}.Android_Debug|iPhone.Build.0 = Android_Debug|Any CPU
		{AB4A6563-2203-41DF-89B7-3C6CADC9ECAF}.Android_Debug|iPhoneSimulator.ActiveCfg = Android_Debug|Any CPU
		{AB4A6563-2203-41DF-89B7-3C6CADC9ECAF}.Android_Debug|iPhoneSimulator.Build.0 = Android_Debug|Any CPU
		{AB4A6563-2203-41DF-89B7-3C6CADC9ECAF}.Android_Debug|x64.ActiveCfg = Android_Debug|Any CPU
		{AB4A6563-2203-41DF-89B7-3C6CADC9ECAF}.Android_Debug|x64.Build.0 = Android_Debug|Any CPU
		{AB4A6563-2203-41DF-89B7-3C6CADC9ECAF}.Android_Debug|x86.ActiveCfg = Android_Debug|Any CPU
		{AB4A6563-2203-41DF-89B7-3C6CADC9ECAF}.Android_Debug|x86.Build.0 = Android_Debug|Any CPU
		{AB4A6563-2203-41DF-89B7-3C6CADC9ECAF}.Android_Release|Any CPU.ActiveCfg = Android_Release|Any CPU
		{AB4A6563-2203-41DF-89B7-3C6CADC9ECAF}.Android_Release|Any CPU.Build.0 = Android_Release|Any CPU
		{AB4A6563-2203-41DF-89B7-3C6CADC9ECAF}.Android_Release|ARM.ActiveCfg = Android_Release|Any CPU
		{AB4A6563-2203-41DF-89B7-3C6CADC9ECAF}.Android_Release|ARM.Build.0 = Android_Release|Any CPU
		{AB4A6563-2203-41DF-89B7-3C6CADC9ECAF}.Android_Release|iPhone.ActiveCfg = Android_Release|Any CPU
		{AB4A6563-2203-41DF-89B7-3C6CADC9ECAF}.Android_Release|iPhone.Build.0 = Android_Release|Any CPU
		{AB4A6563-2203-41DF-89B7-3C6CADC9ECAF}.Android_Release|iPhoneSimulator.ActiveCfg = Android_Release|Any CPU
		{AB4A6563-2203-41DF-89B7-3C6CADC9ECAF}.Android_Release|iPhoneSimulator.Build.0 = Android_Release|Any CPU
		{AB4A6563-2203-41DF-89B7-3C6CADC9ECAF}.Android_Release|x64.ActiveCfg = Android_Release|Any CPU
		{AB4A6563-2203-41DF-89B7-3C6CADC9ECAF}.Android_Release|x64.Build.0 = Android_Release|Any CPU
		{AB4A6563-2203-41DF-89B7-3C6CADC9ECAF}.Android_Release|x86.ActiveCfg = Android_Release|Any CPU
		{AB4A6563-2203-41DF-89B7-3C6CADC9ECAF}.Android_Release|x86.Build.0 = Android_Release|Any CPU
		{AB4A6563-2203-41DF-89B7-3C6CADC9ECAF}.Debug|Any CPU.ActiveCfg = Debug|Any CPU
		{AB4A6563-2203-41DF-89B7-3C6CADC9ECAF}.Debug|Any CPU.Build.0 = Debug|Any CPU
		{AB4A6563-2203-41DF-89B7-3C6CADC9ECAF}.Debug|Any CPU.Deploy.0 = Debug|Any CPU
		{AB4A6563-2203-41DF-89B7-3C6CADC9ECAF}.Debug|ARM.ActiveCfg = Debug|Any CPU
		{AB4A6563-2203-41DF-89B7-3C6CADC9ECAF}.Debug|ARM.Build.0 = Debug|Any CPU
		{AB4A6563-2203-41DF-89B7-3C6CADC9ECAF}.Debug|ARM.Deploy.0 = Debug|Any CPU
		{AB4A6563-2203-41DF-89B7-3C6CADC9ECAF}.Debug|iPhone.ActiveCfg = Debug|Any CPU
		{AB4A6563-2203-41DF-89B7-3C6CADC9ECAF}.Debug|iPhone.Build.0 = Debug|Any CPU
		{AB4A6563-2203-41DF-89B7-3C6CADC9ECAF}.Debug|iPhone.Deploy.0 = Debug|Any CPU
		{AB4A6563-2203-41DF-89B7-3C6CADC9ECAF}.Debug|iPhoneSimulator.ActiveCfg = Debug|Any CPU
		{AB4A6563-2203-41DF-89B7-3C6CADC9ECAF}.Debug|iPhoneSimulator.Build.0 = Debug|Any CPU
		{AB4A6563-2203-41DF-89B7-3C6CADC9ECAF}.Debug|iPhoneSimulator.Deploy.0 = Debug|Any CPU
		{AB4A6563-2203-41DF-89B7-3C6CADC9ECAF}.Debug|x64.ActiveCfg = Debug|Any CPU
		{AB4A6563-2203-41DF-89B7-3C6CADC9ECAF}.Debug|x64.Build.0 = Debug|Any CPU
		{AB4A6563-2203-41DF-89B7-3C6CADC9ECAF}.Debug|x64.Deploy.0 = Debug|Any CPU
		{AB4A6563-2203-41DF-89B7-3C6CADC9ECAF}.Debug|x86.ActiveCfg = Debug|Any CPU
		{AB4A6563-2203-41DF-89B7-3C6CADC9ECAF}.Debug|x86.Build.0 = Debug|Any CPU
		{AB4A6563-2203-41DF-89B7-3C6CADC9ECAF}.Debug|x86.Deploy.0 = Debug|Any CPU
		{AB4A6563-2203-41DF-89B7-3C6CADC9ECAF}.iOS_Debug|Any CPU.ActiveCfg = iOS_Debug|Any CPU
		{AB4A6563-2203-41DF-89B7-3C6CADC9ECAF}.iOS_Debug|Any CPU.Build.0 = iOS_Debug|Any CPU
		{AB4A6563-2203-41DF-89B7-3C6CADC9ECAF}.iOS_Debug|ARM.ActiveCfg = iOS_Debug|Any CPU
		{AB4A6563-2203-41DF-89B7-3C6CADC9ECAF}.iOS_Debug|ARM.Build.0 = iOS_Debug|Any CPU
		{AB4A6563-2203-41DF-89B7-3C6CADC9ECAF}.iOS_Debug|iPhone.ActiveCfg = iOS_Debug|Any CPU
		{AB4A6563-2203-41DF-89B7-3C6CADC9ECAF}.iOS_Debug|iPhone.Build.0 = iOS_Debug|Any CPU
		{AB4A6563-2203-41DF-89B7-3C6CADC9ECAF}.iOS_Debug|iPhoneSimulator.ActiveCfg = iOS_Debug|Any CPU
		{AB4A6563-2203-41DF-89B7-3C6CADC9ECAF}.iOS_Debug|iPhoneSimulator.Build.0 = iOS_Debug|Any CPU
		{AB4A6563-2203-41DF-89B7-3C6CADC9ECAF}.iOS_Debug|x64.ActiveCfg = iOS_Debug|Any CPU
		{AB4A6563-2203-41DF-89B7-3C6CADC9ECAF}.iOS_Debug|x64.Build.0 = iOS_Debug|Any CPU
		{AB4A6563-2203-41DF-89B7-3C6CADC9ECAF}.iOS_Debug|x86.ActiveCfg = iOS_Debug|Any CPU
		{AB4A6563-2203-41DF-89B7-3C6CADC9ECAF}.iOS_Debug|x86.Build.0 = iOS_Debug|Any CPU
		{AB4A6563-2203-41DF-89B7-3C6CADC9ECAF}.iOS_Release|Any CPU.ActiveCfg = iOS_Release|Any CPU
		{AB4A6563-2203-41DF-89B7-3C6CADC9ECAF}.iOS_Release|Any CPU.Build.0 = iOS_Release|Any CPU
		{AB4A6563-2203-41DF-89B7-3C6CADC9ECAF}.iOS_Release|ARM.ActiveCfg = iOS_Release|Any CPU
		{AB4A6563-2203-41DF-89B7-3C6CADC9ECAF}.iOS_Release|ARM.Build.0 = iOS_Release|Any CPU
		{AB4A6563-2203-41DF-89B7-3C6CADC9ECAF}.iOS_Release|iPhone.ActiveCfg = iOS_Release|Any CPU
		{AB4A6563-2203-41DF-89B7-3C6CADC9ECAF}.iOS_Release|iPhone.Build.0 = iOS_Release|Any CPU
		{AB4A6563-2203-41DF-89B7-3C6CADC9ECAF}.iOS_Release|iPhoneSimulator.ActiveCfg = iOS_Release|Any CPU
		{AB4A6563-2203-41DF-89B7-3C6CADC9ECAF}.iOS_Release|iPhoneSimulator.Build.0 = iOS_Release|Any CPU
		{AB4A6563-2203-41DF-89B7-3C6CADC9ECAF}.iOS_Release|x64.ActiveCfg = iOS_Release|Any CPU
		{AB4A6563-2203-41DF-89B7-3C6CADC9ECAF}.iOS_Release|x64.Build.0 = iOS_Release|Any CPU
		{AB4A6563-2203-41DF-89B7-3C6CADC9ECAF}.iOS_Release|x86.ActiveCfg = iOS_Release|Any CPU
		{AB4A6563-2203-41DF-89B7-3C6CADC9ECAF}.iOS_Release|x86.Build.0 = iOS_Release|Any CPU
		{AB4A6563-2203-41DF-89B7-3C6CADC9ECAF}.Release|Any CPU.ActiveCfg = Release|Any CPU
		{AB4A6563-2203-41DF-89B7-3C6CADC9ECAF}.Release|Any CPU.Build.0 = Release|Any CPU
		{AB4A6563-2203-41DF-89B7-3C6CADC9ECAF}.Release|Any CPU.Deploy.0 = Release|Any CPU
		{AB4A6563-2203-41DF-89B7-3C6CADC9ECAF}.Release|ARM.ActiveCfg = Release|Any CPU
		{AB4A6563-2203-41DF-89B7-3C6CADC9ECAF}.Release|ARM.Build.0 = Release|Any CPU
		{AB4A6563-2203-41DF-89B7-3C6CADC9ECAF}.Release|ARM.Deploy.0 = Release|Any CPU
		{AB4A6563-2203-41DF-89B7-3C6CADC9ECAF}.Release|iPhone.ActiveCfg = Release|Any CPU
		{AB4A6563-2203-41DF-89B7-3C6CADC9ECAF}.Release|iPhone.Build.0 = Release|Any CPU
		{AB4A6563-2203-41DF-89B7-3C6CADC9ECAF}.Release|iPhone.Deploy.0 = Release|Any CPU
		{AB4A6563-2203-41DF-89B7-3C6CADC9ECAF}.Release|iPhoneSimulator.ActiveCfg = Release|Any CPU
		{AB4A6563-2203-41DF-89B7-3C6CADC9ECAF}.Release|iPhoneSimulator.Build.0 = Release|Any CPU
		{AB4A6563-2203-41DF-89B7-3C6CADC9ECAF}.Release|iPhoneSimulator.Deploy.0 = Release|Any CPU
		{AB4A6563-2203-41DF-89B7-3C6CADC9ECAF}.Release|x64.ActiveCfg = Release|Any CPU
		{AB4A6563-2203-41DF-89B7-3C6CADC9ECAF}.Release|x64.Build.0 = Release|Any CPU
		{AB4A6563-2203-41DF-89B7-3C6CADC9ECAF}.Release|x64.Deploy.0 = Release|Any CPU
		{AB4A6563-2203-41DF-89B7-3C6CADC9ECAF}.Release|x86.ActiveCfg = Release|Any CPU
		{AB4A6563-2203-41DF-89B7-3C6CADC9ECAF}.Release|x86.Build.0 = Release|Any CPU
		{AB4A6563-2203-41DF-89B7-3C6CADC9ECAF}.Release|x86.Deploy.0 = Release|Any CPU
		{AB4A6563-2203-41DF-89B7-3C6CADC9ECAF}.UWP_Debug|Any CPU.ActiveCfg = UWP_Debug|Any CPU
		{AB4A6563-2203-41DF-89B7-3C6CADC9ECAF}.UWP_Debug|Any CPU.Build.0 = UWP_Debug|Any CPU
		{AB4A6563-2203-41DF-89B7-3C6CADC9ECAF}.UWP_Debug|ARM.ActiveCfg = UWP_Debug|Any CPU
		{AB4A6563-2203-41DF-89B7-3C6CADC9ECAF}.UWP_Debug|ARM.Build.0 = UWP_Debug|Any CPU
		{AB4A6563-2203-41DF-89B7-3C6CADC9ECAF}.UWP_Debug|iPhone.ActiveCfg = UWP_Debug|Any CPU
		{AB4A6563-2203-41DF-89B7-3C6CADC9ECAF}.UWP_Debug|iPhone.Build.0 = UWP_Debug|Any CPU
		{AB4A6563-2203-41DF-89B7-3C6CADC9ECAF}.UWP_Debug|iPhoneSimulator.ActiveCfg = UWP_Debug|Any CPU
		{AB4A6563-2203-41DF-89B7-3C6CADC9ECAF}.UWP_Debug|iPhoneSimulator.Build.0 = UWP_Debug|Any CPU
		{AB4A6563-2203-41DF-89B7-3C6CADC9ECAF}.UWP_Debug|x64.ActiveCfg = UWP_Debug|Any CPU
		{AB4A6563-2203-41DF-89B7-3C6CADC9ECAF}.UWP_Debug|x64.Build.0 = UWP_Debug|Any CPU
		{AB4A6563-2203-41DF-89B7-3C6CADC9ECAF}.UWP_Debug|x86.ActiveCfg = UWP_Debug|Any CPU
		{AB4A6563-2203-41DF-89B7-3C6CADC9ECAF}.UWP_Debug|x86.Build.0 = UWP_Debug|Any CPU
		{AB4A6563-2203-41DF-89B7-3C6CADC9ECAF}.UWP_Release|Any CPU.ActiveCfg = UWP_Release|Any CPU
		{AB4A6563-2203-41DF-89B7-3C6CADC9ECAF}.UWP_Release|Any CPU.Build.0 = UWP_Release|Any CPU
		{AB4A6563-2203-41DF-89B7-3C6CADC9ECAF}.UWP_Release|ARM.ActiveCfg = UWP_Release|Any CPU
		{AB4A6563-2203-41DF-89B7-3C6CADC9ECAF}.UWP_Release|ARM.Build.0 = UWP_Release|Any CPU
		{AB4A6563-2203-41DF-89B7-3C6CADC9ECAF}.UWP_Release|iPhone.ActiveCfg = UWP_Release|Any CPU
		{AB4A6563-2203-41DF-89B7-3C6CADC9ECAF}.UWP_Release|iPhone.Build.0 = UWP_Release|Any CPU
		{AB4A6563-2203-41DF-89B7-3C6CADC9ECAF}.UWP_Release|iPhoneSimulator.ActiveCfg = UWP_Release|Any CPU
		{AB4A6563-2203-41DF-89B7-3C6CADC9ECAF}.UWP_Release|iPhoneSimulator.Build.0 = UWP_Release|Any CPU
		{AB4A6563-2203-41DF-89B7-3C6CADC9ECAF}.UWP_Release|x64.ActiveCfg = UWP_Release|Any CPU
		{AB4A6563-2203-41DF-89B7-3C6CADC9ECAF}.UWP_Release|x64.Build.0 = UWP_Release|Any CPU
		{AB4A6563-2203-41DF-89B7-3C6CADC9ECAF}.UWP_Release|x86.ActiveCfg = UWP_Release|Any CPU
		{AB4A6563-2203-41DF-89B7-3C6CADC9ECAF}.UWP_Release|x86.Build.0 = UWP_Release|Any CPU
	EndGlobalSection
	GlobalSection(SolutionProperties) = preSolution
		HideSolutionNode = FALSE
	EndGlobalSection
	GlobalSection(ExtensibilityGlobals) = postSolution
		SolutionGuid = {36ADD741-1DF5-4665-AA63-1D3F7BA47203}
	EndGlobalSection
EndGlobal
